<?xml version="1.0" encoding="utf-8"?>
<Project ToolsVersion="4.0" xmlns="http://schemas.microsoft.com/developer/msbuild/2003">
  <ItemGroup>
    <Filter Include="Form Files">
      <UniqueIdentifier>{99349809-55BA-4b9d-BF79-8FDBB0286EB3}</UniqueIdentifier>
      <Extensions>ui</Extensions>
      <ParseFiles>false</ParseFiles>
    </Filter>
    <Filter Include="Form Files">
      <UniqueIdentifier>{99349809-55BA-4b9d-BF79-8FDBB0286EB3}</UniqueIdentifier>
      <Extensions>ui</Extensions>
      <ParseFiles>false</ParseFiles>
    </Filter>
    <Filter Include="Generated Files">
      <UniqueIdentifier>{71ED8ED8-ACB9-4CE9-BBE1-E00B30144E11}</UniqueIdentifier>
      <Extensions>cpp;c;cxx;moc;h;def;odl;idl;res;</Extensions>
    </Filter>
    <Filter Include="Generated Files">
      <UniqueIdentifier>{71ED8ED8-ACB9-4CE9-BBE1-E00B30144E11}</UniqueIdentifier>
      <Extensions>cpp;c;cxx;moc;h;def;odl;idl;res;</Extensions>
    </Filter>
    <Filter Include="Header Files">
      <UniqueIdentifier>{93995380-89BD-4b04-88EB-625FBE52EBFB}</UniqueIdentifier>
      <Extensions>h;hpp;hxx;hm;inl;inc;xsd</Extensions>
    </Filter>
    <Filter Include="Header Files">
      <UniqueIdentifier>{93995380-89BD-4b04-88EB-625FBE52EBFB}</UniqueIdentifier>
      <Extensions>h;hpp;hxx;hm;inl;inc;xsd</Extensions>
    </Filter>
    <Filter Include="Resource Files">
      <UniqueIdentifier>{D9D6E242-F8AF-46E4-B9FD-80ECBC20BA3E}</UniqueIdentifier>
      <Extensions>qrc;*</Extensions>
      <ParseFiles>false</ParseFiles>
    </Filter>
    <Filter Include="Resource Files">
      <UniqueIdentifier>{D9D6E242-F8AF-46E4-B9FD-80ECBC20BA3E}</UniqueIdentifier>
      <Extensions>qrc;*</Extensions>
      <ParseFiles>false</ParseFiles>
    </Filter>
    <Filter Include="Source Files">
      <UniqueIdentifier>{4FC737F1-C7A5-4376-A066-2A32D752A2FF}</UniqueIdentifier>
      <Extensions>cpp;c;cxx;def;odl;idl;hpj;bat;asm;asmx</Extensions>
    </Filter>
    <Filter Include="Source Files">
      <UniqueIdentifier>{4FC737F1-C7A5-4376-A066-2A32D752A2FF}</UniqueIdentifier>
      <Extensions>cpp;c;cxx;def;odl;idl;hpj;bat;asm;asmx</Extensions>
    </Filter>
  </ItemGroup>
  <ItemGroup>
    <ClCompile Include="ActionManager.cpp">
      <Filter>Source Files</Filter>
    </ClCompile>
    <ClCompile Include="BucketsTableModel.cpp">
      <Filter>Source Files</Filter>
    </ClCompile>
    <ClCompile Include="Cleanup.cpp">
      <Filter>Source Files</Filter>
    </ClCompile>
    <ClCompile Include="CleanupCollection.cpp">
      <Filter>Source Files</Filter>
    </ClCompile>
    <ClCompile Include="CleanupConfigPage.cpp">
      <Filter>Source Files</Filter>
    </ClCompile>
    <ClCompile Include="ConfigDialog.cpp">
      <Filter>Source Files</Filter>
    </ClCompile>
    <ClCompile Include="DataColumns.cpp">
      <Filter>Source Files</Filter>
    </ClCompile>
    <ClCompile Include="DebugHelpers.cpp">
      <Filter>Source Files</Filter>
    </ClCompile>
    <ClCompile Include="DelayedRebuilder.cpp">
      <Filter>Source Files</Filter>
    </ClCompile>
    <ClCompile Include="DirInfo.cpp">
      <Filter>Source Files</Filter>
    </ClCompile>
    <ClCompile Include="DirReadJob.cpp">
      <Filter>Source Files</Filter>
    </ClCompile>
    <ClCompile Include="DirSaver.cpp">
      <Filter>Source Files</Filter>
    </ClCompile>
    <ClCompile Include="DirTree.cpp">
      <Filter>Source Files</Filter>
    </ClCompile>
    <ClCompile Include="DirTreeCache.cpp">
      <Filter>Source Files</Filter>
    </ClCompile>
    <ClCompile Include="DirTreeModel.cpp">
      <Filter>Source Files</Filter>
    </ClCompile>
    <ClCompile Include="DirTreeView.cpp">
      <Filter>Source Files</Filter>
    </ClCompile>
    <ClCompile Include="Exception.cpp">
      <Filter>Source Files</Filter>
    </ClCompile>
    <ClCompile Include="ExcludeRules.cpp">
      <Filter>Source Files</Filter>
    </ClCompile>
    <ClCompile Include="ExcludeRulesConfigPage.cpp">
      <Filter>Source Files</Filter>
    </ClCompile>
    <ClCompile Include="FileInfo.cpp">
      <Filter>Source Files</Filter>
    </ClCompile>
    <ClCompile Include="FileInfoIterator.cpp">
      <Filter>Source Files</Filter>
    </ClCompile>
    <ClCompile Include="FileInfoSet.cpp">
      <Filter>Source Files</Filter>
    </ClCompile>
    <ClCompile Include="FileInfoSorter.cpp">
      <Filter>Source Files</Filter>
    </ClCompile>
    <ClCompile Include="FileSizeStats.cpp">
      <Filter>Source Files</Filter>
    </ClCompile>
    <ClCompile Include="FileSizeStatsWindow.cpp">
      <Filter>Source Files</Filter>
    </ClCompile>
    <ClCompile Include="FileTypeStats.cpp">
      <Filter>Source Files</Filter>
    </ClCompile>
    <ClCompile Include="FileTypeStatsWindow.cpp">
      <Filter>Source Files</Filter>
    </ClCompile>
    <ClCompile Include="HeaderTweaker.cpp">
      <Filter>Source Files</Filter>
    </ClCompile>
    <ClCompile Include="HistogramDraw.cpp">
      <Filter>Source Files</Filter>
    </ClCompile>
    <ClCompile Include="HistogramItems.cpp">
      <Filter>Source Files</Filter>
    </ClCompile>
    <ClCompile Include="HistogramOverflowPanel.cpp">
      <Filter>Source Files</Filter>
    </ClCompile>
    <ClCompile Include="HistogramView.cpp">
      <Filter>Source Files</Filter>
    </ClCompile>
    <ClCompile Include="ListEditor.cpp">
      <Filter>Source Files</Filter>
    </ClCompile>
    <ClCompile Include="LocateFilesWindow.cpp">
      <Filter>Source Files</Filter>
    </ClCompile>
    <ClCompile Include="Logger.cpp">
      <Filter>Source Files</Filter>
    </ClCompile>
    <ClCompile Include="MainWindow.cpp">
      <Filter>Source Files</Filter>
    </ClCompile>
    <ClCompile Include="MimeCategorizer.cpp">
      <Filter>Source Files</Filter>
    </ClCompile>
    <ClCompile Include="MimeCategory.cpp">
      <Filter>Source Files</Filter>
    </ClCompile>
    <ClCompile Include="MimeCategoryConfigPage.cpp">
      <Filter>Source Files</Filter>
    </ClCompile>
    <ClCompile Include="MountPoints.cpp">
      <Filter>Source Files</Filter>
    </ClCompile>
    <ClCompile Include="OutputWindow.cpp">
      <Filter>Source Files</Filter>
    </ClCompile>
    <ClCompile Include="PercentBar.cpp">
      <Filter>Source Files</Filter>
    </ClCompile>
    <ClCompile Include="Refresher.cpp">
      <Filter>Source Files</Filter>
    </ClCompile>
    <ClCompile Include="SelectionModel.cpp">
      <Filter>Source Files</Filter>
    </ClCompile>
    <ClCompile Include="Settings.cpp">
      <Filter>Source Files</Filter>
    </ClCompile>
    <ClCompile Include="SettingsHelpers.cpp">
      <Filter>Source Files</Filter>
    </ClCompile>
    <ClCompile Include="StdCleanup.cpp">
      <Filter>Source Files</Filter>
    </ClCompile>
    <ClCompile Include="Subtree.cpp">
      <Filter>Source Files</Filter>
    </ClCompile>
    <ClCompile Include="Trash.cpp">
      <Filter>Source Files</Filter>
    </ClCompile>
    <ClCompile Include="TreemapTile.cpp">
      <Filter>Source Files</Filter>
    </ClCompile>
    <ClCompile Include="TreemapView.cpp">
      <Filter>Source Files</Filter>
    </ClCompile>
    <ClCompile Include="main.cpp">
      <Filter>Source Files</Filter>
    </ClCompile>
    <ClCompile Include=".moc\moc_BucketsTableModel.cpp">
      <Filter>Generated Files</Filter>
    </ClCompile>
    <ClCompile Include=".moc\moc_Cleanup.cpp">
      <Filter>Generated Files</Filter>
    </ClCompile>
    <ClCompile Include=".moc\moc_CleanupCollection.cpp">
      <Filter>Generated Files</Filter>
    </ClCompile>
    <ClCompile Include=".moc\moc_CleanupConfigPage.cpp">
      <Filter>Generated Files</Filter>
    </ClCompile>
    <ClCompile Include=".moc\moc_ConfigDialog.cpp">
      <Filter>Generated Files</Filter>
    </ClCompile>
    <ClCompile Include=".moc\moc_DataColumns.cpp">
      <Filter>Generated Files</Filter>
    </ClCompile>
    <ClCompile Include=".moc\moc_DelayedRebuilder.cpp">
      <Filter>Generated Files</Filter>
    </ClCompile>
    <ClCompile Include=".moc\moc_DirReadJob.cpp">
      <Filter>Generated Files</Filter>
    </ClCompile>
    <ClCompile Include=".moc\moc_DirTree.cpp">
      <Filter>Generated Files</Filter>
    </ClCompile>
    <ClCompile Include=".moc\moc_DirTreeCache.cpp">
      <Filter>Generated Files</Filter>
    </ClCompile>
    <ClCompile Include=".moc\moc_DirTreeModel.cpp">
      <Filter>Generated Files</Filter>
    </ClCompile>
    <ClCompile Include=".moc\moc_DirTreeView.cpp">
      <Filter>Generated Files</Filter>
    </ClCompile>
    <ClCompile Include=".moc\moc_ExcludeRules.cpp">
      <Filter>Generated Files</Filter>
    </ClCompile>
    <ClCompile Include=".moc\moc_ExcludeRulesConfigPage.cpp">
      <Filter>Generated Files</Filter>
    </ClCompile>
    <ClCompile Include=".moc\moc_FileSizeStatsWindow.cpp">
      <Filter>Generated Files</Filter>
    </ClCompile>
    <ClCompile Include=".moc\moc_FileTypeStats.cpp">
      <Filter>Generated Files</Filter>
    </ClCompile>
    <ClCompile Include=".moc\moc_FileTypeStatsWindow.cpp">
      <Filter>Generated Files</Filter>
    </ClCompile>
    <ClCompile Include=".moc\moc_HeaderTweaker.cpp">
      <Filter>Generated Files</Filter>
    </ClCompile>
    <ClCompile Include=".moc\moc_HistogramView.cpp">
      <Filter>Generated Files</Filter>
    </ClCompile>
    <ClCompile Include=".moc\moc_ListEditor.cpp">
      <Filter>Generated Files</Filter>
    </ClCompile>
    <ClCompile Include=".moc\moc_LocateFilesWindow.cpp">
      <Filter>Generated Files</Filter>
    </ClCompile>
    <ClCompile Include=".moc\moc_MainWindow.cpp">
      <Filter>Generated Files</Filter>
    </ClCompile>
    <ClCompile Include=".moc\moc_MimeCategorizer.cpp">
      <Filter>Generated Files</Filter>
    </ClCompile>
    <ClCompile Include=".moc\moc_MimeCategoryConfigPage.cpp">
      <Filter>Generated Files</Filter>
    </ClCompile>
    <ClCompile Include=".moc\moc_OutputWindow.cpp">
      <Filter>Generated Files</Filter>
    </ClCompile>
    <ClCompile Include=".moc\moc_PercentBar.cpp">
      <Filter>Generated Files</Filter>
    </ClCompile>
    <ClCompile Include=".moc\moc_Refresher.cpp">
      <Filter>Generated Files</Filter>
    </ClCompile>
    <ClCompile Include=".moc\moc_SelectionModel.cpp">
      <Filter>Generated Files</Filter>
    </ClCompile>
    <ClCompile Include=".moc\moc_Settings.cpp">
      <Filter>Generated Files</Filter>
    </ClCompile>
    <ClCompile Include=".moc\moc_TreemapView.cpp">
      <Filter>Generated Files</Filter>
    </ClCompile>
    <ClCompile Include="GeneratedFiles\qrc_icons.cpp">
      <Filter>Generated Files</Filter>
    </ClCompile>
    <ClCompile Include="ProcessHelper.cpp">
      <Filter>Source Files</Filter>
    </ClCompile>
    <ClCompile Include=".moc\moc_ProcessHelper.cpp">
      <Filter>Generated Files</Filter>
    </ClCompile>
  </ItemGroup>
  <ItemGroup>
    <ClInclude Include="ActionManager.h">
      <Filter>Header Files</Filter>
    </ClInclude>
    <CustomBuild Include="BucketsTableModel.h">
      <Filter>Header Files</Filter>
    </CustomBuild>
    <CustomBuild Include="Cleanup.h">
      <Filter>Header Files</Filter>
    </CustomBuild>
    <CustomBuild Include="CleanupCollection.h">
      <Filter>Header Files</Filter>
    </CustomBuild>
    <CustomBuild Include="CleanupConfigPage.h">
      <Filter>Header Files</Filter>
    </CustomBuild>
    <CustomBuild Include="ConfigDialog.h">
      <Filter>Header Files</Filter>
    </CustomBuild>
    <CustomBuild Include="DataColumns.h">
      <Filter>Header Files</Filter>
    </CustomBuild>
    <ClInclude Include="DebugHelpers.h">
      <Filter>Header Files</Filter>
    </ClInclude>
    <CustomBuild Include="DelayedRebuilder.h">
      <Filter>Header Files</Filter>
    </CustomBuild>
    <ClInclude Include="DirInfo.h">
      <Filter>Header Files</Filter>
    </ClInclude>
    <CustomBuild Include="DirReadJob.h">
      <Filter>Header Files</Filter>
    </CustomBuild>
    <ClInclude Include="DirSaver.h">
      <Filter>Header Files</Filter>
    </ClInclude>
    <CustomBuild Include="DirTree.h">
      <Filter>Header Files</Filter>
    </CustomBuild>
    <CustomBuild Include="DirTreeCache.h">
      <Filter>Header Files</Filter>
    </CustomBuild>
    <CustomBuild Include="DirTreeModel.h">
      <Filter>Header Files</Filter>
    </CustomBuild>
    <CustomBuild Include="DirTreeView.h">
      <Filter>Header Files</Filter>
    </CustomBuild>
    <ClInclude Include="Exception.h">
      <Filter>Header Files</Filter>
    </ClInclude>
    <CustomBuild Include="ExcludeRules.h">
      <Filter>Header Files</Filter>
    </CustomBuild>
    <CustomBuild Include="ExcludeRulesConfigPage.h">
      <Filter>Header Files</Filter>
    </CustomBuild>
    <ClInclude Include="FileInfo.h">
      <Filter>Header Files</Filter>
    </ClInclude>
    <ClInclude Include="FileInfoIterator.h">
      <Filter>Header Files</Filter>
    </ClInclude>
    <ClInclude Include="FileInfoSet.h">
      <Filter>Header Files</Filter>
    </ClInclude>
    <ClInclude Include="FileInfoSorter.h">
      <Filter>Header Files</Filter>
    </ClInclude>
    <ClInclude Include="FileSizeStats.h">
      <Filter>Header Files</Filter>
    </ClInclude>
    <CustomBuild Include="FileSizeStatsWindow.h">
      <Filter>Header Files</Filter>
    </CustomBuild>
    <CustomBuild Include="FileTypeStats.h">
      <Filter>Header Files</Filter>
    </CustomBuild>
    <CustomBuild Include="FileTypeStatsWindow.h">
      <Filter>Header Files</Filter>
    </CustomBuild>
    <CustomBuild Include="HeaderTweaker.h">
      <Filter>Header Files</Filter>
    </CustomBuild>
    <ClInclude Include="HistogramItems.h">
      <Filter>Header Files</Filter>
    </ClInclude>
    <CustomBuild Include="HistogramView.h">
      <Filter>Header Files</Filter>
    </CustomBuild>
    <CustomBuild Include="ListEditor.h">
      <Filter>Header Files</Filter>
    </CustomBuild>
    <ClInclude Include="ListMover.h">
      <Filter>Header Files</Filter>
    </ClInclude>
    <CustomBuild Include="LocateFilesWindow.h">
      <Filter>Header Files</Filter>
    </CustomBuild>
    <ClInclude Include="Logger.h">
      <Filter>Header Files</Filter>
    </ClInclude>
    <CustomBuild Include="MainWindow.h">
      <Filter>Header Files</Filter>
    </CustomBuild>
    <CustomBuild Include="MimeCategorizer.h">
      <Filter>Header Files</Filter>
    </CustomBuild>
    <ClInclude Include="MimeCategory.h">
      <Filter>Header Files</Filter>
    </ClInclude>
    <CustomBuild Include="MimeCategoryConfigPage.h">
      <Filter>Header Files</Filter>
    </CustomBuild>
    <ClInclude Include="MountPoints.h">
      <Filter>Header Files</Filter>
    </ClInclude>
    <CustomBuild Include="OutputWindow.h">
      <Filter>Header Files</Filter>
    </CustomBuild>
    <CustomBuild Include="PercentBar.h">
      <Filter>Header Files</Filter>
    </CustomBuild>
    <ClInclude Include="Process.h">
      <Filter>Header Files</Filter>
    </ClInclude>
    <ClInclude Include="Qt4Compat.h">
      <Filter>Header Files</Filter>
    </ClInclude>
    <CustomBuild Include="Refresher.h">
      <Filter>Header Files</Filter>
    </CustomBuild>
    <CustomBuild Include="SelectionModel.h">
      <Filter>Header Files</Filter>
    </CustomBuild>
    <CustomBuild Include="Settings.h">
      <Filter>Header Files</Filter>
    </CustomBuild>
    <ClInclude Include="SettingsHelpers.h">
      <Filter>Header Files</Filter>
    </ClInclude>
    <ClInclude Include="SignalBlocker.h">
      <Filter>Header Files</Filter>
    </ClInclude>
    <ClInclude Include="StdCleanup.h">
      <Filter>Header Files</Filter>
    </ClInclude>
    <ClInclude Include="Subtree.h">
      <Filter>Header Files</Filter>
    </ClInclude>
    <ClInclude Include="Trash.h">
      <Filter>Header Files</Filter>
    </ClInclude>
    <ClInclude Include="TreemapTile.h">
      <Filter>Header Files</Filter>
    </ClInclude>
    <CustomBuild Include="TreemapView.h">
      <Filter>Header Files</Filter>
    </CustomBuild>
    <ClInclude Include="Version.h">
      <Filter>Header Files</Filter>
    </ClInclude>
    <ClInclude Include="GeneratedFiles\ui_cleanup-config-page.h">
      <Filter>Generated Files</Filter>
    </ClInclude>
    <ClInclude Include="GeneratedFiles\ui_config-dialog.h">
      <Filter>Generated Files</Filter>
    </ClInclude>
    <ClInclude Include="GeneratedFiles\ui_exclude-rules-config-page.h">
      <Filter>Generated Files</Filter>
    </ClInclude>
    <ClInclude Include="GeneratedFiles\ui_file-size-stats-window.h">
      <Filter>Generated Files</Filter>
    </ClInclude>
    <ClInclude Include="GeneratedFiles\ui_file-type-stats-window.h">
      <Filter>Generated Files</Filter>
    </ClInclude>
    <ClInclude Include="GeneratedFiles\ui_locate-files-window.h">
      <Filter>Generated Files</Filter>
    </ClInclude>
    <ClInclude Include="GeneratedFiles\ui_main-window.h">
      <Filter>Generated Files</Filter>
    </ClInclude>
    <ClInclude Include="GeneratedFiles\ui_mime-category-config-page.h">
      <Filter>Generated Files</Filter>
    </ClInclude>
    <ClInclude Include="GeneratedFiles\ui_output-window.h">
      <Filter>Generated Files</Filter>
    </ClInclude>
    <ClInclude Include="Platform.h">
      <Filter>Header Files</Filter>
    </ClInclude>
  </ItemGroup>
  <ItemGroup>
    <CustomBuild Include="cleanup-config-page.ui">
      <Filter>Form Files</Filter>
    </CustomBuild>
    <CustomBuild Include="config-dialog.ui">
      <Filter>Form Files</Filter>
    </CustomBuild>
    <CustomBuild Include="exclude-rules-config-page.ui">
      <Filter>Form Files</Filter>
    </CustomBuild>
    <CustomBuild Include="file-size-stats-window.ui">
      <Filter>Form Files</Filter>
    </CustomBuild>
    <CustomBuild Include="file-type-stats-window.ui">
      <Filter>Form Files</Filter>
    </CustomBuild>
    <CustomBuild Include="locate-files-window.ui">
      <Filter>Form Files</Filter>
    </CustomBuild>
    <CustomBuild Include="main-window.ui">
      <Filter>Form Files</Filter>
    </CustomBuild>
    <CustomBuild Include="mime-category-config-page.ui">
      <Filter>Form Files</Filter>
    </CustomBuild>
    <CustomBuild Include="output-window.ui">
      <Filter>Form Files</Filter>
    </CustomBuild>
    <CustomBuild Include="ProcessHelper.h">
      <Filter>Header Files</Filter>
    </CustomBuild>
  </ItemGroup>
  <ItemGroup>
    <None Include="icons\add.png">
      <Filter>Resource Files</Filter>
    </None>
    <None Include="icons\tree-medium\block-device.png">
      <Filter>Resource Files</Filter>
    </None>
    <None Include="icons\tree-small\block-device.png">
      <Filter>Resource Files</Filter>
    </None>
    <None Include="icons\tree-medium\char-device.png">
      <Filter>Resource Files</Filter>
    </None>
    <None Include="icons\tree-small\char-device.png">
      <Filter>Resource Files</Filter>
    </None>
    <None Include="icons\delete.png">
      <Filter>Resource Files</Filter>
    </None>
    <None Include="icons\tree-medium\dir.png">
      <Filter>Resource Files</Filter>
    </None>
    <None Include="icons\tree-small\dir.png">
      <Filter>Resource Files</Filter>
    </None>
    <None Include="icons\document-export.png">
      <Filter>Resource Files</Filter>
    </None>
    <None Include="icons\document-import.png">
      <Filter>Resource Files</Filter>
    </None>
    <None Include="icons\tree-medium\dot-entry.png">
      <Filter>Resource Files</Filter>
    </None>
    <None Include="icons\tree-small\dot-entry.png">
      <Filter>Resource Files</Filter>
    </None>
    <None Include="icons\edit-copy.png">
      <Filter>Resource Files</Filter>
    </None>
    <None Include="icons\tree-medium\excluded.png">
      <Filter>Resource Files</Filter>
    </None>
    <None Include="icons\tree-small\excluded.png">
      <Filter>Resource Files</Filter>
    </None>
    <None Include="icons\file-manager.png">
      <Filter>Resource Files</Filter>
    </None>
    <None Include="icons\tree-medium\file.png">
      <Filter>Resource Files</Filter>
    </None>
    <None Include="icons\tree-small\file.png">
      <Filter>Resource Files</Filter>
    </None>
    <None Include="icons\go-bottom.png">
      <Filter>Resource Files</Filter>
    </None>
    <None Include="icons\go-down.png">
      <Filter>Resource Files</Filter>
    </None>
    <None Include="icons\go-top.png">
      <Filter>Resource Files</Filter>
    </None>
    <None Include="icons\go-up.png">
      <Filter>Resource Files</Filter>
    </None>
    <None Include="icons\hard-disk.png">
      <Filter>Resource Files</Filter>
    </None>
    <CustomBuild Include="icons.qrc">
      <Filter>Resource Files</Filter>
    </CustomBuild>
    <None Include="icons\tree-medium\mount-point.png">
      <Filter>Resource Files</Filter>
    </None>
    <None Include="icons\tree-small\mount-point.png">
      <Filter>Resource Files</Filter>
    </None>
    <None Include="icons\open-dir.png">
      <Filter>Resource Files</Filter>
    </None>
    <None Include="icons\preferences.png">
      <Filter>Resource Files</Filter>
    </None>
    <None Include="icons\qdirstat.png">
      <Filter>Resource Files</Filter>
    </None>
    <None Include="icons\refresh.png">
      <Filter>Resource Files</Filter>
    </None>
    <None Include="icons\remove.png">
      <Filter>Resource Files</Filter>
    </None>
    <None Include="icons\tree-medium\special.png">
      <Filter>Resource Files</Filter>
    </None>
    <None Include="icons\tree-small\special.png">
      <Filter>Resource Files</Filter>
    </None>
    <None Include="icons\stop.png">
      <Filter>Resource Files</Filter>
    </None>
    <None Include="icons\tree-medium\stop.png">
      <Filter>Resource Files</Filter>
    </None>
    <None Include="icons\tree-small\stop.png">
      <Filter>Resource Files</Filter>
    </None>
    <None Include="icons\tree-medium\symlink.png">
      <Filter>Resource Files</Filter>
    </None>
    <None Include="icons\tree-small\symlink.png">
      <Filter>Resource Files</Filter>
    </None>
    <None Include="icons\terminal.png">
      <Filter>Resource Files</Filter>
    </None>
    <None Include="icons\trashcan.png">
      <Filter>Resource Files</Filter>
    </None>
    <None Include="icons\tree-medium\unreadable-dir.png">
      <Filter>Resource Files</Filter>
    </None>
    <None Include="icons\tree-small\unreadable-dir.png">
      <Filter>Resource Files</Filter>
    </None>
    <None Include="icons\window-close.png">
      <Filter>Resource Files</Filter>
    </None>
    <None Include="icons\zoom-best-fit.png">
      <Filter>Resource Files</Filter>
    </None>
    <None Include="icons\zoom-in.png">
      <Filter>Resource Files</Filter>
    </None>
    <None Include="icons\zoom-out.png">
      <Filter>Resource Files</Filter>
    </None>
  </ItemGroup>
</Project>